
Microsoft Visual Studio Solution File, Format Version 12.00
# Visual Studio Version 17
VisualStudioVersion = 17.10.35122.118
MinimumVisualStudioVersion = 10.0.40219.1
Project("{FAE04EC0-301F-11D3-BF4B-00C04F79EFBC}") = "EmployeeAdminPortal", "EmployeeAdminPortal\EmployeeAdminPortal.csproj", "{18A92E0E-7A00-46F1-ACF7-B6EDAADFA62B}"
EndProject
Global
	GlobalSection(SolutionConfigurationPlatforms) = preSolution
		Debug|Any CPU = Debug|Any CPU
		Release|Any CPU = Release|Any CPU
	EndGlobalSection
	GlobalSection(ProjectConfigurationPlatforms) = postSolution
		{18A92E0E-7A00-46F1-ACF7-B6EDAADFA62B}.Debug|Any CPU.ActiveCfg = Debug|Any CPU
		{18A92E0E-7A00-46F1-ACF7-B6EDAADFA62B}.Debug|Any CPU.Build.0 = Debug|Any CPU
		{18A92E0E-7A00-46F1-ACF7-B6EDAADFA62B}.Release|Any CPU.ActiveCfg = Release|Any CPU
		{18A92E0E-7A00-46F1-ACF7-B6EDAADFA62B}.Release|Any CPU.Build.0 = Release|Any CPU
	EndGlobalSection
	GlobalSection(SolutionProperties) = preSolution
		HideSolutionNode = FALSE
	EndGlobalSection
	GlobalSection(ExtensibilityGlobals) = postSolution
		SolutionGuid = {4E640FDB-36C8-458C-A5A6-6BF85366FB02}
	EndGlobalSection
EndGlobal
